{
  "name": "loadcsv",
  "version": "1.0.0",
  "lockfileVersion": 1,
  "requires": true,
  "dependencies": {
    "lodash": {
      "version": "4.17.19",
      "resolved": "https://registry.npmjs.org/lodash/-/lodash-4.17.19.tgz",
      "integrity": "sha512-JNvd8XER9GQX0v2qJgsaN/mzFCNA5BRe/j8JN9d+tWyGLSodKQHKFicdwNYzWwI3wjRnaKPsGj1XkBjx/F96DQ=="
    },
    "seedrandom": {
      "version": "2.4.4",
      "resolved": "https://registry.npmjs.org/seedrandom/-/seedrandom-2.4.4.tgz",
      "integrity": "sha512-9A+PDmgm+2du77B5i0Ip2cxOqqHjgNxnBgglxLcX78A2D6c2rTo61z4jnVABpF4cKeDMDG+cmXXvdnqse2VqMA=="
    },
    "shuffle-seed": {
      "version": "1.1.6",
      "resolved": "https://registry.npmjs.org/shuffle-seed/-/shuffle-seed-1.1.6.tgz",
      "integrity": "sha1-UzwSaDurO0+j6HUfxOViFGdEJgs=",
      "requires": {
        "seedrandom": "^2.4.2"
      }
    }
  }
}
